Microsoft Visual Studio Solution File, Format Version 12.00
# Visual Studio Version 17
VisualStudioVersion = 17.5.2.0
MinimumVisualStudioVersion = 10.0.40219.1
Project("{FAE04EC0-301F-11D3-BF4B-00C04F79EFBC}") = "TimeSeriesService", "timeseries-service\TimeSeriesService.csproj", "{31FE2E9D-F636-ACF5-52F1-BB53AAD41EA7}"
EndProject
Global
	GlobalSection(SolutionConfigurationPlatforms) = preSolution
		Debug|Any CPU = Debug|Any CPU
		Release|Any CPU = Release|Any CPU
	EndGlobalSection
	GlobalSection(ProjectConfigurationPlatforms) = postSolution
		{31FE2E9D-F636-ACF5-52F1-BB53AAD41EA7}.Debug|Any CPU.ActiveCfg = Debug|Any CPU
		{31FE2E9D-F636-ACF5-52F1-BB53AAD41EA7}.Debug|Any CPU.Build.0 = Debug|Any CPU
		{31FE2E9D-F636-ACF5-52F1-BB53AAD41EA7}.Release|Any CPU.ActiveCfg = Release|Any CPU
		{31FE2E9D-F636-ACF5-52F1-BB53AAD41EA7}.Release|Any CPU.Build.0 = Release|Any CPU
	EndGlobalSection
	GlobalSection(SolutionProperties) = preSolution
		HideSolutionNode = FALSE
	EndGlobalSection
	GlobalSection(ExtensibilityGlobals) = postSolution
		SolutionGuid = {95BE6F30-45EA-43C5-8E24-C0475916B30E}
	EndGlobalSection
EndGlobal
